version: 1.0
shards:
  discordcr:
    github: meew0/discordcr
    commit: 27ba66ac2a693b99f40720ccde6e10587e1895b4

  discordcr-middleware:
    github: z64/discordcr-middleware
    commit: 562d68698114473465793112fee98ce12fa2a5ca

  discordcr-plugin:
    github: z64/discordcr-plugin
    commit: 09c0c7bd17f23a2cf1cf120e3a01d973a839bba1

  rate_limiter:
    github: z64/rate_limiter
    commit: b9992a7c474f9f863aa34ac677244d6b520cba97

